// !$*UTF8*$!
{
	archiveVersion = 1;
	classes = {
	};
	objectVersion = 50;
	objects = {

/* Begin PBXBuildFile section */
		F6E3FBA326E249EC00BCBBF7 /* AppDelegate.swift in Sources */ = {isa = PBXBuildFile; fileRef = F6E3FBA226E249EC00BCBBF7 /* AppDelegate.swift */; };
		F6E3FBA526E249EC00BCBBF7 /* SceneDelegate.swift in Sources */ = {isa = PBXBuildFile; fileRef = F6E3FBA426E249EC00BCBBF7 /* SceneDelegate.swift */; };
		F6E3FBA726E249EC00BCBBF7 /* ViewController.swift in Sources */ = {isa = PBXBuildFile; fileRef = F6E3FBA626E249EC00BCBBF7 /* ViewController.swift */; };
		F6E3FBAA26E249EC00BCBBF7 /* Main.storyboard in Resources */ = {isa = PBXBuildFile; fileRef = F6E3FBA826E249EC00BCBBF7 /* Main.storyboard */; };
		F6E3FBAC26E249EE00BCBBF7 /* Assets.xcassets in Resources */ = {isa = PBXBuildFile; fileRef = F6E3FBAB26E249EE00BCBBF7 /* Assets.xcassets */; };
		F6E3FBAF26E249EE00BCBBF7 /* LaunchScreen.storyboard in Resources */ = {isa = PBXBuildFile; fileRef = F6E3FBAD26E249EE00BCBBF7 /* LaunchScreen.storyboard */; };
		F6E3FBC626E24DD300BCBBF7 /* Constants.swift in Sources */ = {isa = PBXBuildFile; fileRef = F6E3FBC526E24DD300BCBBF7 /* Constants.swift */; };
		F6E3FBCA26E2532400BCBBF7 /* NetworkManager.swift in Sources */ = {isa = PBXBuildFile; fileRef = F6E3FBC926E2532400BCBBF7 /* NetworkManager.swift */; };
		F6E3FBCD26E2580D00BCBBF7 /* ApiModels.swift in Sources */ = {isa = PBXBuildFile; fileRef = F6E3FBCC26E2580D00BCBBF7 /* ApiModels.swift */; };
/* End PBXBuildFile section */

/* Begin PBXFileReference section */
		F6E3FB9F26E249EC00BCBBF7 /* Tinkoff.app */ = {isa = PBXFileReference; explicitFileType = wrapper.application; includeInIndex = 0; path = Tinkoff.app; sourceTree = BUILT_PRODUCTS_DIR; };
		F6E3FBA226E249EC00BCBBF7 /* AppDelegate.swift */ = {isa = PBXFileReference; lastKnownFileType = sourcecode.swift; path = AppDelegate.swift; sourceTree = "<group>"; };
		F6E3FBA426E249EC00BCBBF7 /* SceneDelegate.swift */ = {isa = PBXFileReference; lastKnownFileType = sourcecode.swift; path = SceneDelegate.swift; sourceTree = "<group>"; };
		F6E3FBA626E249EC00BCBBF7 /* ViewController.swift */ = {isa = PBXFileReference; lastKnownFileType = sourcecode.swift; path = ViewController.swift; sourceTree = "<group>"; };
		F6E3FBA926E249EC00BCBBF7 /* Base */ = {isa = PBXFileReference; lastKnownFileType = file.storyboard; name = Base; path = Base.lproj/Main.storyboard; sourceTree = "<group>"; };
		F6E3FBAB26E249EE00BCBBF7 /* Assets.xcassets */ = {isa = PBXFileReference; lastKnownFileType = folder.assetcatalog; path = Assets.xcassets; sourceTree = "<group>"; };
		F6E3FBAE26E249EE00BCBBF7 /* Base */ = {isa = PBXFileReference; lastKnownFileType = file.storyboard; name = Base; path = Base.lproj/LaunchScreen.storyboard; sourceTree = "<group>"; };
		F6E3FBB026E249EE00BCBBF7 /* Info.plist */ = {isa = PBXFileReference; lastKnownFileType = text.plist.xml; path = Info.plist; sourceTree = "<group>"; };
		F6E3FBC526E24DD300BCBBF7 /* Constants.swift */ = {isa = PBXFileReference; lastKnownFileType = sourcecode.swift; path = Constants.swift; sourceTree = "<group>"; };
		F6E3FBC926E2532400BCBBF7 /* NetworkManager.swift */ = {isa = PBXFileReference; lastKnownFileType = sourcecode.swift; path = NetworkManager.swift; sourceTree = "<group>"; };
		F6E3FBCC26E2580D00BCBBF7 /* ApiModels.swift */ = {isa = PBXFileReference; lastKnownFileType = sourcecode.swift; path = ApiModels.swift; sourceTree = "<group>"; };
/* End PBXFileReference section */

/* Begin PBXFrameworksBuildPhase section */
		F6E3FB9C26E249EC00BCBBF7 /* Frameworks */ = {
			isa = PBXFrameworksBuildPhase;
			buildActionMask = 2147483647;
			files = (
			);
			runOnlyForDeploymentPostprocessing = 0;
		};
/* End PBXFrameworksBuildPhase section */

/* Begin PBXGroup section */
		F6B1076D26E6BA34007BCCD4 /* Model */ = {
			isa = PBXGroup;
			children = (
				F6E3FBC026E24CB800BCBBF7 /* Constants */,
				F6E3FBCB26E257EF00BCBBF7 /* API Models */,
				F6E3FBBD26E24BF300BCBBF7 /* Network Service */,
			);
			path = Model;
			sourceTree = "<group>";
		};
		F6E3FB9626E249EC00BCBBF7 = {
			isa = PBXGroup;
			children = (
				F6E3FBA126E249EC00BCBBF7 /* Tinkoff */,
				F6E3FBA026E249EC00BCBBF7 /* Products */,
			);
			sourceTree = "<group>";
		};
		F6E3FBA026E249EC00BCBBF7 /* Products */ = {
			isa = PBXGroup;
			children = (
				F6E3FB9F26E249EC00BCBBF7 /* Tinkoff.app */,
			);
			name = Products;
			sourceTree = "<group>";
		};
		F6E3FBA126E249EC00BCBBF7 /* Tinkoff */ = {
			isa = PBXGroup;
			children = (
				F6E3FBB626E24AF500BCBBF7 /* App */,
				F6E3FBAB26E249EE00BCBBF7 /* Assets.xcassets */,
				F6E3FBAD26E249EE00BCBBF7 /* LaunchScreen.storyboard */,
				F6E3FBB026E249EE00BCBBF7 /* Info.plist */,
			);
			path = Tinkoff;
			sourceTree = "<group>";
		};
		F6E3FBB626E24AF500BCBBF7 /* App */ = {
			isa = PBXGroup;
			children = (
				F6E3FBB726E24AFE00BCBBF7 /* App Delegates */,
				F6E3FBB826E24B2700BCBBF7 /* Main screen */,
			);
			path = App;
			sourceTree = "<group>";
		};
		F6E3FBB726E24AFE00BCBBF7 /* App Delegates */ = {
			isa = PBXGroup;
			children = (
				F6E3FBA226E249EC00BCBBF7 /* AppDelegate.swift */,
				F6E3FBA426E249EC00BCBBF7 /* SceneDelegate.swift */,
			);
			path = "App Delegates";
			sourceTree = "<group>";
		};
		F6E3FBB826E24B2700BCBBF7 /* Main screen */ = {
			isa = PBXGroup;
			children = (
				F6B1076D26E6BA34007BCCD4 /* Model */,
				F6E3FBBA26E24B6F00BCBBF7 /* View */,
				F6E3FBB926E24B4200BCBBF7 /* Controller */,
			);
			path = "Main screen";
			sourceTree = "<group>";
		};
		F6E3FBB926E24B4200BCBBF7 /* Controller */ = {
			isa = PBXGroup;
			children = (
				F6E3FBA626E249EC00BCBBF7 /* ViewController.swift */,
			);
			path = Controller;
			sourceTree = "<group>";
		};
		F6E3FBBA26E24B6F00BCBBF7 /* View */ = {
			isa = PBXGroup;
			children = (
				F6E3FBA826E249EC00BCBBF7 /* Main.storyboard */,
			);
			path = View;
			sourceTree = "<group>";
		};
		F6E3FBBD26E24BF300BCBBF7 /* Network Service */ = {
			isa = PBXGroup;
			children = (
				F6E3FBC926E2532400BCBBF7 /* NetworkManager.swift */,
			);
			path = "Network Service";
			sourceTree = "<group>";
		};
		F6E3FBC026E24CB800BCBBF7 /* Constants */ = {
			isa = PBXGroup;
			children = (
				F6E3FBC526E24DD300BCBBF7 /* Constants.swift */,
			);
			path = Constants;
			sourceTree = "<group>";
		};
		F6E3FBCB26E257EF00BCBBF7 /* API Models */ = {
			isa = PBXGroup;
			children = (
				F6E3FBCC26E2580D00BCBBF7 /* ApiModels.swift */,
			);
			path = "API Models";
			sourceTree = "<group>";
		};
/* End PBXGroup section */

/* Begin PBXNativeTarget section */
		F6E3FB9E26E249EC00BCBBF7 /* Tinkoff */ = {
			isa = PBXNativeTarget;
			buildConfigurationList = F6E3FBB326E249EE00BCBBF7 /* Build configuration list for PBXNativeTarget "Tinkoff" */;
			buildPhases = (
				F6E3FB9B26E249EC00BCBBF7 /* Sources */,
				F6E3FB9C26E249EC00BCBBF7 /* Frameworks */,
				F6E3FB9D26E249EC00BCBBF7 /* Resources */,
			);
			buildRules = (
			);
			dependencies = (
			);
			name = Tinkoff;
			productName = Tinkoff;
			productReference = F6E3FB9F26E249EC00BCBBF7 /* Tinkoff.app */;
			productType = "com.apple.product-type.application";
		};
/* End PBXNativeTarget section */

/* Begin PBXProject section */
		F6E3FB9726E249EC00BCBBF7 /* Project object */ = {
			isa = PBXProject;
			attributes = {
				LastSwiftUpdateCheck = 1250;
				LastUpgradeCheck = 1250;
				TargetAttributes = {
					F6E3FB9E26E249EC00BCBBF7 = {
						CreatedOnToolsVersion = 12.5.1;
					};
				};
			};
			buildConfigurationList = F6E3FB9A26E249EC00BCBBF7 /* Build configuration list for PBXProject "Tinkoff" */;
			compatibilityVersion = "Xcode 9.3";
			developmentRegion = en;
			hasScannedForEncodings = 0;
			knownRegions = (
				en,
				Base,
			);
			mainGroup = F6E3FB9626E249EC00BCBBF7;
			productRefGroup = F6E3FBA026E249EC00BCBBF7 /* Products */;
			projectDirPath = "";
			projectRoot = "";
			targets = (
				F6E3FB9E26E249EC00BCBBF7 /* Tinkoff */,
			);
		};
/* End PBXProject section */

/* Begin PBXResourcesBuildPhase section */
		F6E3FB9D26E249EC00BCBBF7 /* Resources */ = {
			isa = PBXResourcesBuildPhase;
			buildActionMask = 2147483647;
			files = (
				F6E3FBAF26E249EE00BCBBF7 /* LaunchScreen.storyboard in Resources */,
				F6E3FBAC26E249EE00BCBBF7 /* Assets.xcassets in Resources */,
				F6E3FBAA26E249EC00BCBBF7 /* Main.storyboard in Resources */,
			);
			runOnlyForDeploymentPostprocessing = 0;
		};
/* End PBXResourcesBuildPhase section */

/* Begin PBXSourcesBuildPhase section */
		F6E3FB9B26E249EC00BCBBF7 /* Sources */ = {
			isa = PBXSourcesBuildPhase;
			buildActionMask = 2147483647;
			files = (
				F6E3FBC626E24DD300BCBBF7 /* Constants.swift in Sources */,
				F6E3FBA726E249EC00BCBBF7 /* ViewController.swift in Sources */,
				F6E3FBCD26E2580D00BCBBF7 /* ApiModels.swift in Sources */,
				F6E3FBCA26E2532400BCBBF7 /* NetworkManager.swift in Sources */,
				F6E3FBA326E249EC00BCBBF7 /* AppDelegate.swift in Sources */,
				F6E3FBA526E249EC00BCBBF7 /* SceneDelegate.swift in Sources */,
			);
			runOnlyForDeploymentPostprocessing = 0;
		};
/* End PBXSourcesBuildPhase section */

/* Begin PBXVariantGroup section */
		F6E3FBA826E249EC00BCBBF7 /* Main.storyboard */ = {
			isa = PBXVariantGroup;
			children = (
				F6E3FBA926E249EC00BCBBF7 /* Base */,
			);
			name = Main.storyboard;
			sourceTree = "<group>";
		};
		F6E3FBAD26E249EE00BCBBF7 /* LaunchScreen.storyboard */ = {
			isa = PBXVariantGroup;
			children = (
				F6E3FBAE26E249EE00BCBBF7 /* Base */,
			);
			name = LaunchScreen.storyboard;
			sourceTree = "<group>";
		};
/* End PBXVariantGroup section */

/* Begin XCBuildConfiguration section */
		F6E3FBB126E249EE00BCBBF7 /* Debug */ = {
			isa = XCBuildConfiguration;
			buildSettings = {
				ALWAYS_SEARCH_USER_PATHS = NO;
				CLANG_ANALYZER_NONNULL = YES;
				CLANG_ANALYZER_NUMBER_OBJECT_CONVERSION = YES_AGGRESSIVE;
				CLANG_CXX_LANGUAGE_STANDARD = "gnu++14";
				CLANG_CXX_LIBRARY = "libc++";
				CLANG_ENABLE_MODULES = YES;
				CLANG_ENABLE_OBJC_ARC = YES;
				CLANG_ENABLE_OBJC_WEAK = YES;
				CLANG_WARN_BLOCK_CAPTURE_AUTORELEASING = YES;
				CLANG_WARN_BOOL_CONVERSION = YES;
				CLANG_WARN_COMMA = YES;
				CLANG_WARN_CONSTANT_CONVERSION = YES;
				CLANG_WARN_DEPRECATED_OBJC_IMPLEMENTATIONS = YES;
				CLANG_WARN_DIRECT_OBJC_ISA_USAGE = YES_ERROR;
				CLANG_WARN_DOCUMENTATION_COMMENTS = YES;
				CLANG_WARN_EMPTY_BODY = YES;
				CLANG_WARN_ENUM_CONVERSION = YES;
				CLANG_WARN_INFINITE_RECURSION = YES;
				CLANG_WARN_INT_CONVERSION = YES;
				CLANG_WARN_NON_LITERAL_NULL_CONVERSION = YES;
				CLANG_WARN_OBJC_IMPLICIT_RETAIN_SELF = YES;
				CLANG_WARN_OBJC_LITERAL_CONVERSION = YES;
				CLANG_WARN_OBJC_ROOT_CLASS = YES_ERROR;
				CLANG_WARN_QUOTED_INCLUDE_IN_FRAMEWORK_HEADER = YES;
				CLANG_WARN_RANGE_LOOP_ANALYSIS = YES;
				CLANG_WARN_STRICT_PROTOTYPES = YES;
				CLANG_WARN_SUSPICIOUS_MOVE = YES;
				CLANG_WARN_UNGUARDED_AVAILABILITY = YES_AGGRESSIVE;
				CLANG_WARN_UNREACHABLE_CODE = YES;
				CLANG_WARN__DUPLICATE_METHOD_MATCH = YES;
				COPY_PHASE_STRIP = NO;
				DEBUG_INFORMATION_FORMAT = dwarf;
				ENABLE_STRICT_OBJC_MSGSEND = YES;
				ENABLE_TESTABILITY = YES;
				GCC_C_LANGUAGE_STANDARD = gnu11;
				GCC_DYNAMIC_NO_PIC = NO;
				GCC_NO_COMMON_BLOCKS = YES;
				GCC_OPTIMIZATION_LEVEL = 0;
				GCC_PREPROCESSOR_DEFINITIONS = (
					"DEBUG=1",
					"$(inherited)",
				);
				GCC_WARN_64_TO_32_BIT_CONVERSION = YES;
				GCC_WARN_ABOUT_RETURN_TYPE = YES_ERROR;
				GCC_WARN_UNDECLARED_SELECTOR = YES;
				GCC_WARN_UNINITIALIZED_AUTOS = YES_AGGRESSIVE;
				GCC_WARN_UNUSED_FUNCTION = YES;
				GCC_WARN_UNUSED_VARIABLE = YES;
				IPHONEOS_DEPLOYMENT_TARGET = 14.5;
				MTL_ENABLE_DEBUG_INFO = INCLUDE_SOURCE;
				MTL_FAST_MATH = YES;
				ONLY_ACTIVE_ARCH = YES;
				SDKROOT = iphoneos;
				SWIFT_ACTIVE_COMPILATION_CONDITIONS = DEBUG;
				SWIFT_OPTIMIZATION_LEVEL = "-Onone";
			};
			name = Debug;
		};
		F6E3FBB226E249EE00BCBBF7 /* Release */ = {
			isa = XCBuildConfiguration;
			buildSettings = {
				ALWAYS_SEARCH_USER_PATHS = NO;
				CLANG_ANALYZER_NONNULL = YES;
				CLANG_ANALYZER_NUMBER_OBJECT_CONVERSION = YES_AGGRESSIVE;
				CLANG_CXX_LANGUAGE_STANDARD = "gnu++14";
				CLANG_CXX_LIBRARY = "libc++";
				CLANG_ENABLE_MODULES = YES;
				CLANG_ENABLE_OBJC_ARC = YES;
				CLANG_ENABLE_OBJC_WEAK = YES;
				CLANG_WARN_BLOCK_CAPTURE_AUTORELEASING = YES;
				CLANG_WARN_BOOL_CONVERSION = YES;
				CLANG_WARN_COMMA = YES;
				CLANG_WARN_CONSTANT_CONVERSION = YES;
				CLANG_WARN_DEPRECATED_OBJC_IMPLEMENTATIONS = YES;
				CLANG_WARN_DIRECT_OBJC_ISA_USAGE = YES_ERROR;
				CLANG_WARN_DOCUMENTATION_COMMENTS = YES;
				CLANG_WARN_EMPTY_BODY = YES;
				CLANG_WARN_ENUM_CONVERSION = YES;
				CLANG_WARN_INFINITE_RECURSION = YES;
				CLANG_WARN_INT_CONVERSION = YES;
				CLANG_WARN_NON_LITERAL_NULL_CONVERSION = YES;
				CLANG_WARN_OBJC_IMPLICIT_RETAIN_SELF = YES;
				CLANG_WARN_OBJC_LITERAL_CONVERSION = YES;
				CLANG_WARN_OBJC_ROOT_CLASS = YES_ERROR;
				CLANG_WARN_QUOTED_INCLUDE_IN_FRAMEWORK_HEADER = YES;
				CLANG_WARN_RANGE_LOOP_ANALYSIS = YES;
				CLANG_WARN_STRICT_PROTOTYPES = YES;
				CLANG_WARN_SUSPICIOUS_MOVE = YES;
				CLANG_WARN_UNGUARDED_AVAILABILITY = YES_AGGRESSIVE;
				CLANG_WARN_UNREACHABLE_CODE = YES;
				CLANG_WARN__DUPLICATE_METHOD_MATCH = YES;
				COPY_PHASE_STRIP = NO;
				DEBUG_INFORMATION_FORMAT = "dwarf-with-dsym";
				ENABLE_NS_ASSERTIONS = NO;
				ENABLE_STRICT_OBJC_MSGSEND = YES;
				GCC_C_LANGUAGE_STANDARD = gnu11;
				GCC_NO_COMMON_BLOCKS = YES;
				GCC_WARN_64_TO_32_BIT_CONVERSION = YES;
				GCC_WARN_ABOUT_RETURN_TYPE = YES_ERROR;
				GCC_WARN_UNDECLARED_SELECTOR = YES;
				GCC_WARN_UNINITIALIZED_AUTOS = YES_AGGRESSIVE;
				GCC_WARN_UNUSED_FUNCTION = YES;
				GCC_WARN_UNUSED_VARIABLE = YES;
				IPHONEOS_DEPLOYMENT_TARGET = 14.5;
				MTL_ENABLE_DEBUG_INFO = NO;
				MTL_FAST_MATH = YES;
				SDKROOT = iphoneos;
				SWIFT_COMPILATION_MODE = wholemodule;
				SWIFT_OPTIMIZATION_LEVEL = "-O";
				VALIDATE_PRODUCT = YES;
			};
			name = Release;
		};
		F6E3FBB426E249EE00BCBBF7 /* Debug */ = {
			isa = XCBuildConfiguration;
			buildSettings = {
				ASSETCATALOG_COMPILER_APPICON_NAME = AppIcon;
				ASSETCATALOG_COMPILER_GLOBAL_ACCENT_COLOR_NAME = AccentColor;
				CODE_SIGN_STYLE = Automatic;
				DEVELOPMENT_TEAM = 39B2RY64BH;
				INFOPLIST_FILE = Tinkoff/Info.plist;
				LD_RUNPATH_SEARCH_PATHS = (
					"$(inherited)",
					"@executable_path/Frameworks",
				);
				PRODUCT_BUNDLE_IDENTIFIER = sequoja.Tinkoff;
				PRODUCT_NAME = "$(TARGET_NAME)";
				SWIFT_VERSION = 5.0;
				TARGETED_DEVICE_FAMILY = 1;
			};
			name = Debug;
		};
		F6E3FBB526E249EE00BCBBF7 /* Release */ = {
			isa = XCBuildConfiguration;
			buildSettings = {
				ASSETCATALOG_COMPILER_APPICON_NAME = AppIcon;
				ASSETCATALOG_COMPILER_GLOBAL_ACCENT_COLOR_NAME = AccentColor;
				CODE_SIGN_STYLE = Automatic;
				DEVELOPMENT_TEAM = 39B2RY64BH;
				INFOPLIST_FILE = Tinkoff/Info.plist;
				LD_RUNPATH_SEARCH_PATHS = (
					"$(inherited)",
					"@executable_path/Frameworks",
				);
				PRODUCT_BUNDLE_IDENTIFIER = sequoja.Tinkoff;
				PRODUCT_NAME = "$(TARGET_NAME)";
				SWIFT_VERSION = 5.0;
				TARGETED_DEVICE_FAMILY = 1;
			};
			name = Release;
		};
/* End XCBuildConfiguration section */

/* Begin XCConfigurationList section */
		F6E3FB9A26E249EC00BCBBF7 /* Build configuration list for PBXProject "Tinkoff" */ = {
			isa = XCConfigurationList;
			buildConfigurations = (
				F6E3FBB126E249EE00BCBBF7 /* Debug */,
				F6E3FBB226E249EE00BCBBF7 /* Release */,
			);
			defaultConfigurationIsVisible = 0;
			defaultConfigurationName = Release;
		};
		F6E3FBB326E249EE00BCBBF7 /* Build configuration list for PBXNativeTarget "Tinkoff" */ = {
			isa = XCConfigurationList;
			buildConfigurations = (
				F6E3FBB426E249EE00BCBBF7 /* Debug */,
				F6E3FBB526E249EE00BCBBF7 /* Release */,
			);
			defaultConfigurationIsVisible = 0;
			defaultConfigurationName = Release;
		};
/* End XCConfigurationList section */
	};
	rootObject = F6E3FB9726E249EC00BCBBF7 /* Project object */;
}
